
Microsoft Visual Studio Solution File, Format Version 12.00
# Visual Studio 15
VisualStudioVersion = 15.0.27703.2035
MinimumVisualStudioVersion = 10.0.40219.1
Project("{D954291E-2A0B-460D-934E-DC6B0785DB48}") = "UGame [Android]", "UGame [Android]\UGame [Android]\UGame [Android].shproj", "{BAA4F49D-E9E2-4B37-A72F-A97081A7FB29}"
EndProject
Global
	GlobalSection(SolutionProperties) = preSolution
		HideSolutionNode = FALSE
	EndGlobalSection
	GlobalSection(ExtensibilityGlobals) = postSolution
		SolutionGuid = {BE8CC2B4-D6BA-413B-A39D-7CA19041C519}
	EndGlobalSection
EndGlobal
